# THIS IS AN AUTOGENERATED FILE. DO NOT EDIT THIS FILE DIRECTLY.
# yarn lockfile v1


"@types/antlr4@^4.11.1":
  version "4.11.1"
  resolved "https://registry.yarnpkg.com/@types/antlr4/-/antlr4-4.11.1.tgz#d9cfb5bbbe75725ee86ec295912725e6c8cd0f45"
  integrity sha512-mMScvMqoAgY22dbvlqoJWFH9V9RQLUd3YK5KX+lLXFYtC/2DYl/nBWjmqJfh3anlUPwAcU/KlLXhYhfHeTGKUQ==

antlr4@^4.11.0:
  version "4.11.0"
  resolved "https://registry.yarnpkg.com/antlr4/-/antlr4-4.11.0.tgz#d7466f5044fa6e333c0ec821b30c6157f6b004ae"
  integrity sha512-GUGlpE2JUjAN+G8G5vY+nOoeyNhHsXoIJwP1XF1oRw89vifA1K46T6SEkwLwr7drihN7I/lf0DIjKc4OZvBX8w==
